<?xml version="1.0" encoding="utf-8"?>
<Project ToolsVersion="4.0" xmlns="http://schemas.microsoft.com/developer/msbuild/2003">
  <ItemGroup>
    <Filter Include="Source Files">
      <UniqueIdentifier>{4FC737F1-C7A5-4376-A066-2A32D752A2FF}</UniqueIdentifier>
      <Extensions>qml;cpp;c;cc;cxx;def;odl;idl;hpj;bat;asm;asmx</Extensions>
    </Filter>
    <Filter Include="Header Files">
      <UniqueIdentifier>{93995380-89BD-4b04-88EB-625FBE52EBFB}</UniqueIdentifier>
      <Extensions>h;hh;hpp;hxx;hm;inl;inc;xsd</Extensions>
    </Filter>
    <Filter Include="Resource Files">
      <UniqueIdentifier>{67DA6AB6-F800-4c08-8B7A-83BB121AAD01}</UniqueIdentifier>
      <Extensions>qrc;rc;ico;cur;bmp;dlg;rc2;rct;bin;rgs;gif;jpg;jpeg;jpe;resx;tiff;tif;png;wav;mfcribbon-ms</Extensions>
    </Filter>
    <Filter Include="Form Files">
      <UniqueIdentifier>{99349809-55BA-4b9d-BF79-8FDBB0286EB3}</UniqueIdentifier>
      <Extensions>ui</Extensions>
    </Filter>
    <Filter Include="Translation Files">
      <UniqueIdentifier>{639EADAA-A684-42e4-A9AD-28FC9BCB8F7C}</UniqueIdentifier>
      <Extensions>ts</Extensions>
    </Filter>
    <Filter Include="Utilities">
      <UniqueIdentifier>{33ae7cf9-80cb-47d3-834c-8f5c3b1cfbf4}</UniqueIdentifier>
    </Filter>
  </ItemGroup>
  <ItemGroup>
    <ClCompile Include="..\Utilities\EQKeyboardListener\EQKeyboardListener.cpp">
      <Filter>Utilities</Filter>
    </ClCompile>
    <ClCompile Include="..\Utilities\EQShortcutListener\EQShortcutListener.cpp">
      <Filter>Utilities</Filter>
    </ClCompile>
    <ClCompile Include="..\Utilities\EQShortcutListener\EQShortcutListenerWorker.cpp">
      <Filter>Utilities</Filter>
    </ClCompile>
    <ClCompile Include="..\Utilities\EQSmartLineEdit.cpp">
      <Filter>Utilities</Filter>
    </ClCompile>
    <ClCompile Include="..\Utilities\EQTabWidget.cpp">
      <Filter>Utilities</Filter>
    </ClCompile>
    <ClCompile Include="..\Utilities\EQUIRangedLineEdit.cpp">
      <Filter>Utilities</Filter>
    </ClCompile>
    <ClCompile Include="..\Utilities\utils.cpp">
      <Filter>Utilities</Filter>
    </ClCompile>
    <ClCompile Include="main.cpp">
      <Filter>Source Files</Filter>
    </ClCompile>
    <ClCompile Include="..\Qt\InputRecorder\EQInputRecorder.cpp">
      <Filter>Source Files</Filter>
    </ClCompile>
    <ClCompile Include="..\Qt\InputRecorder\EQInputRecorderWorker.cpp">
      <Filter>Source Files</Filter>
    </ClCompile>
    <ClCompile Include="..\Qt\InputRecorder\Event.cpp">
      <Filter>Source Files</Filter>
    </ClCompile>
    <ClCompile Include="..\Qt\InputRecorder\MouseClickEvent.cpp">
      <Filter>Source Files</Filter>
    </ClCompile>
    <ClCompile Include="..\Qt\InputRecorder\MouseEventsHandler.cpp">
      <Filter>Source Files</Filter>
    </ClCompile>
    <ClCompile Include="..\Qt\InputRecorder\MouseMoveEvent.cpp">
      <Filter>Source Files</Filter>
    </ClCompile>
    <ClCompile Include="..\Qt\InputRecorder\KeyboardEvent.cpp">
      <Filter>Source Files</Filter>
    </ClCompile>
  </ItemGroup>
  <ItemGroup>
    <QtMoc Include="..\Utilities\EQKeyboardListener\EQKeyboardListener.h">
      <Filter>Utilities</Filter>
    </QtMoc>
    <QtMoc Include="..\Utilities\EQShortcutListener\EQShortcutListener.h">
      <Filter>Utilities</Filter>
    </QtMoc>
    <QtMoc Include="..\Utilities\EQShortcutListener\EQShortcutListenerWorker.h">
      <Filter>Utilities</Filter>
    </QtMoc>
    <QtMoc Include="..\Utilities\EQSmartLineEdit.h">
      <Filter>Utilities</Filter>
    </QtMoc>
    <QtMoc Include="..\Utilities\EQTabWidget.h">
      <Filter>Utilities</Filter>
    </QtMoc>
    <QtMoc Include="..\Utilities\EQUIRangedLineEdit.h">
      <Filter>Utilities</Filter>
    </QtMoc>
    <QtMoc Include="..\Qt\InputRecorder\EQInputRecorder.h">
      <Filter>Header Files</Filter>
    </QtMoc>
    <QtMoc Include="..\Qt\InputRecorder\EQInputRecorderWorker.h">
      <Filter>Header Files</Filter>
    </QtMoc>
  </ItemGroup>
  <ItemGroup>
    <ClInclude Include="..\Utilities\utils.h">
      <Filter>Utilities</Filter>
    </ClInclude>
    <ClInclude Include="..\Qt\InputRecorder\Event.h">
      <Filter>Header Files</Filter>
    </ClInclude>
    <ClInclude Include="..\Qt\InputRecorder\MouseClickEvent.h">
      <Filter>Header Files</Filter>
    </ClInclude>
    <ClInclude Include="..\Qt\InputRecorder\MouseEventsHandler.h">
      <Filter>Header Files</Filter>
    </ClInclude>
    <ClInclude Include="..\Qt\InputRecorder\MouseMoveEvent.h">
      <Filter>Header Files</Filter>
    </ClInclude>
    <ClInclude Include="..\Qt\InputRecorder\KeyboardEvent.h">
      <Filter>Header Files</Filter>
    </ClInclude>
  </ItemGroup>
</Project>