
Microsoft Visual Studio Solution File, Format Version 12.00
# Visual Studio Version 17
VisualStudioVersion = 17.7.34031.279
MinimumVisualStudioVersion = 10.0.40219.1
Project("{8BC9CEB8-8B4A-11D0-8D11-00A0C91BC942}") = "Tests", "Tests\Tests.vcxproj", "{75F9D21E-02B8-4352-92BE-F555C1148D90}"
	ProjectSection(ProjectDependencies) = postProject
		{ECB3D703-478F-4757-883B-D08EF40126B9} = {ECB3D703-478F-4757-883B-D08EF40126B9}
	EndProjectSection
EndProject
Project("{8BC9CEB8-8B4A-11D0-8D11-00A0C91BC942}") = "AutoClicker", "AutoClicker\AutoClicker.vcxproj", "{F81BE895-FF03-4E4F-9F45-0AD1EDCC5063}"
	ProjectSection(ProjectDependencies) = postProject
		{ECB3D703-478F-4757-883B-D08EF40126B9} = {ECB3D703-478F-4757-883B-D08EF40126B9}
	EndProjectSection
EndProject
Project("{8BC9CEB8-8B4A-11D0-8D11-00A0C91BC942}") = "EQUtilities", "EQUtilities\EQUtilities.vcxproj", "{ECB3D703-478F-4757-883B-D08EF40126B9}"
EndProject
Project("{8BC9CEB8-8B4A-11D0-8D11-00A0C91BC942}") = "Password-creator", "Password-creator\Password-creator.vcxproj", "{469AE0B8-3F19-4E32-A45C-D7D7255E3A6F}"
	ProjectSection(ProjectDependencies) = postProject
		{ECB3D703-478F-4757-883B-D08EF40126B9} = {ECB3D703-478F-4757-883B-D08EF40126B9}
	EndProjectSection
EndProject
Project("{8BC9CEB8-8B4A-11D0-8D11-00A0C91BC942}") = "Word-finder", "Word-finder\Word-finder.vcxproj", "{67FF4458-885D-4007-8AED-D3122F16F303}"
	ProjectSection(ProjectDependencies) = postProject
		{ECB3D703-478F-4757-883B-D08EF40126B9} = {ECB3D703-478F-4757-883B-D08EF40126B9}
	EndProjectSection
EndProject
Project("{8BC9CEB8-8B4A-11D0-8D11-00A0C91BC942}") = "EUtilities", "..\VS\EUtilities\EUtilities.vcxproj", "{EDF692E7-78DD-4542-87A1-8625779C73E6}"
EndProject
Project("{8BC9CEB8-8B4A-11D0-8D11-00A0C91BC942}") = "MinecraftFishingBot", "MinecraftFishingBot\MinecraftFishingBot.vcxproj", "{52A5DA91-1EB6-485C-9349-3E1E5C71338E}"
EndProject
Global
	GlobalSection(SolutionConfigurationPlatforms) = preSolution
		Debug|x64 = Debug|x64
		Debug|x86 = Debug|x86
		Release|x64 = Release|x64
		Release|x86 = Release|x86
	EndGlobalSection
	GlobalSection(ProjectConfigurationPlatforms) = postSolution
		{75F9D21E-02B8-4352-92BE-F555C1148D90}.Debug|x64.ActiveCfg = Debug|x64
		{75F9D21E-02B8-4352-92BE-F555C1148D90}.Debug|x64.Build.0 = Debug|x64
		{75F9D21E-02B8-4352-92BE-F555C1148D90}.Debug|x86.ActiveCfg = Debug|x64
		{75F9D21E-02B8-4352-92BE-F555C1148D90}.Debug|x86.Build.0 = Debug|x64
		{75F9D21E-02B8-4352-92BE-F555C1148D90}.Release|x64.ActiveCfg = Release|x64
		{75F9D21E-02B8-4352-92BE-F555C1148D90}.Release|x64.Build.0 = Release|x64
		{75F9D21E-02B8-4352-92BE-F555C1148D90}.Release|x86.ActiveCfg = Release|x64
		{75F9D21E-02B8-4352-92BE-F555C1148D90}.Release|x86.Build.0 = Release|x64
		{F81BE895-FF03-4E4F-9F45-0AD1EDCC5063}.Debug|x64.ActiveCfg = Debug|x64
		{F81BE895-FF03-4E4F-9F45-0AD1EDCC5063}.Debug|x64.Build.0 = Debug|x64
		{F81BE895-FF03-4E4F-9F45-0AD1EDCC5063}.Debug|x86.ActiveCfg = Debug|x64
		{F81BE895-FF03-4E4F-9F45-0AD1EDCC5063}.Debug|x86.Build.0 = Debug|x64
		{F81BE895-FF03-4E4F-9F45-0AD1EDCC5063}.Release|x64.ActiveCfg = Release|x64
		{F81BE895-FF03-4E4F-9F45-0AD1EDCC5063}.Release|x64.Build.0 = Release|x64
		{F81BE895-FF03-4E4F-9F45-0AD1EDCC5063}.Release|x86.ActiveCfg = Release|x64
		{F81BE895-FF03-4E4F-9F45-0AD1EDCC5063}.Release|x86.Build.0 = Release|x64
		{ECB3D703-478F-4757-883B-D08EF40126B9}.Debug|x64.ActiveCfg = Debug|x64
		{ECB3D703-478F-4757-883B-D08EF40126B9}.Debug|x64.Build.0 = Debug|x64
		{ECB3D703-478F-4757-883B-D08EF40126B9}.Debug|x86.ActiveCfg = Debug|x64
		{ECB3D703-478F-4757-883B-D08EF40126B9}.Debug|x86.Build.0 = Debug|x64
		{ECB3D703-478F-4757-883B-D08EF40126B9}.Release|x64.ActiveCfg = Release|x64
		{ECB3D703-478F-4757-883B-D08EF40126B9}.Release|x64.Build.0 = Release|x64
		{ECB3D703-478F-4757-883B-D08EF40126B9}.Release|x86.ActiveCfg = Release|x64
		{ECB3D703-478F-4757-883B-D08EF40126B9}.Release|x86.Build.0 = Release|x64
		{469AE0B8-3F19-4E32-A45C-D7D7255E3A6F}.Debug|x64.ActiveCfg = Debug|x64
		{469AE0B8-3F19-4E32-A45C-D7D7255E3A6F}.Debug|x64.Build.0 = Debug|x64
		{469AE0B8-3F19-4E32-A45C-D7D7255E3A6F}.Debug|x86.ActiveCfg = Debug|x64
		{469AE0B8-3F19-4E32-A45C-D7D7255E3A6F}.Debug|x86.Build.0 = Debug|x64
		{469AE0B8-3F19-4E32-A45C-D7D7255E3A6F}.Release|x64.ActiveCfg = Release|x64
		{469AE0B8-3F19-4E32-A45C-D7D7255E3A6F}.Release|x64.Build.0 = Release|x64
		{469AE0B8-3F19-4E32-A45C-D7D7255E3A6F}.Release|x86.ActiveCfg = Release|x64
		{469AE0B8-3F19-4E32-A45C-D7D7255E3A6F}.Release|x86.Build.0 = Release|x64
		{67FF4458-885D-4007-8AED-D3122F16F303}.Debug|x64.ActiveCfg = Debug|x64
		{67FF4458-885D-4007-8AED-D3122F16F303}.Debug|x64.Build.0 = Debug|x64
		{67FF4458-885D-4007-8AED-D3122F16F303}.Debug|x86.ActiveCfg = Debug|x64
		{67FF4458-885D-4007-8AED-D3122F16F303}.Debug|x86.Build.0 = Debug|x64
		{67FF4458-885D-4007-8AED-D3122F16F303}.Release|x64.ActiveCfg = Release|x64
		{67FF4458-885D-4007-8AED-D3122F16F303}.Release|x64.Build.0 = Release|x64
		{67FF4458-885D-4007-8AED-D3122F16F303}.Release|x86.ActiveCfg = Release|x64
		{67FF4458-885D-4007-8AED-D3122F16F303}.Release|x86.Build.0 = Release|x64
		{EDF692E7-78DD-4542-87A1-8625779C73E6}.Debug|x64.ActiveCfg = Debug|x64
		{EDF692E7-78DD-4542-87A1-8625779C73E6}.Debug|x64.Build.0 = Debug|x64
		{EDF692E7-78DD-4542-87A1-8625779C73E6}.Debug|x86.ActiveCfg = Debug|Win32
		{EDF692E7-78DD-4542-87A1-8625779C73E6}.Debug|x86.Build.0 = Debug|Win32
		{EDF692E7-78DD-4542-87A1-8625779C73E6}.Release|x64.ActiveCfg = Release|x64
		{EDF692E7-78DD-4542-87A1-8625779C73E6}.Release|x64.Build.0 = Release|x64
		{EDF692E7-78DD-4542-87A1-8625779C73E6}.Release|x86.ActiveCfg = Release|Win32
		{EDF692E7-78DD-4542-87A1-8625779C73E6}.Release|x86.Build.0 = Release|Win32
		{52A5DA91-1EB6-485C-9349-3E1E5C71338E}.Debug|x64.ActiveCfg = Debug|x64
		{52A5DA91-1EB6-485C-9349-3E1E5C71338E}.Debug|x64.Build.0 = Debug|x64
		{52A5DA91-1EB6-485C-9349-3E1E5C71338E}.Debug|x86.ActiveCfg = Debug|x64
		{52A5DA91-1EB6-485C-9349-3E1E5C71338E}.Debug|x86.Build.0 = Debug|x64
		{52A5DA91-1EB6-485C-9349-3E1E5C71338E}.Release|x64.ActiveCfg = Release|x64
		{52A5DA91-1EB6-485C-9349-3E1E5C71338E}.Release|x64.Build.0 = Release|x64
		{52A5DA91-1EB6-485C-9349-3E1E5C71338E}.Release|x86.ActiveCfg = Release|x64
		{52A5DA91-1EB6-485C-9349-3E1E5C71338E}.Release|x86.Build.0 = Release|x64
	EndGlobalSection
	GlobalSection(SolutionProperties) = preSolution
		HideSolutionNode = FALSE
	EndGlobalSection
	GlobalSection(ExtensibilityGlobals) = postSolution
		SolutionGuid = {2B33AD5E-9BCF-4587-92DC-084318B7ABF5}
	EndGlobalSection
EndGlobal
