<?xml version="1.0" encoding="utf-8"?>
<Project ToolsVersion="4.0" xmlns="http://schemas.microsoft.com/developer/msbuild/2003">
  <ItemGroup>
    <Filter Include="Private">
      <UniqueIdentifier>{d783db67-4431-4f0b-850b-c0ef3c0b2a99}</UniqueIdentifier>
    </Filter>
    <Filter Include="Source Files">
      <UniqueIdentifier>{4FC737F1-C7A5-4376-A066-2A32D752A2FF}</UniqueIdentifier>
      <Extensions>qml;cpp;c;cc;cxx;def;odl;idl;hpj;bat;asm;asmx</Extensions>
    </Filter>
    <Filter Include="Header Files">
      <UniqueIdentifier>{93995380-89BD-4b04-88EB-625FBE52EBFB}</UniqueIdentifier>
      <Extensions>h;hh;hpp;hxx;hm;inl;inc;xsd</Extensions>
    </Filter>
  </ItemGroup>
  <ItemGroup>
    <ClCompile Include="EQShortcutListenerWorker.cpp">
      <Filter>Private</Filter>
    </ClCompile>
    <ClCompile Include="EQIntValidator.cpp">
      <Filter>Private</Filter>
    </ClCompile>
    <ClCompile Include="EQIntLineEdit.cpp">
      <Filter>Source Files</Filter>
    </ClCompile>
    <ClCompile Include="EQKeyboardListener.cpp">
      <Filter>Source Files</Filter>
    </ClCompile>
    <ClCompile Include="EQShortcutListener.cpp">
      <Filter>Source Files</Filter>
    </ClCompile>
    <ClCompile Include="EQTabWidget.cpp">
      <Filter>Source Files</Filter>
    </ClCompile>
  </ItemGroup>
  <ItemGroup>
    <QtMoc Include="EQIntLineEdit.h">
      <Filter>Header Files</Filter>
    </QtMoc>
    <QtMoc Include="EQKeyboardListener.h">
      <Filter>Header Files</Filter>
    </QtMoc>
    <QtMoc Include="EQShortcutListener.h">
      <Filter>Header Files</Filter>
    </QtMoc>
    <QtMoc Include="EQTabWidget.h">
      <Filter>Header Files</Filter>
    </QtMoc>
    <QtMoc Include="EQShortcutListenerWorker.h">
      <Filter>Private</Filter>
    </QtMoc>
    <QtMoc Include="EQIntValidator.h">
      <Filter>Private</Filter>
    </QtMoc>
  </ItemGroup>
  <ItemGroup>
    <ClInclude Include="equtilities_global.h">
      <Filter>Source Files</Filter>
    </ClInclude>
  </ItemGroup>
</Project>